
Microsoft Visual Studio Solution File, Format Version 12.00
# Visual Studio Version 16
VisualStudioVersion = 16.0.32002.261
MinimumVisualStudioVersion = 10.0.40219.1
Project("{FAE04EC0-301F-11D3-BF4B-00C04F79EFBC}") = "Northwind.Store", "Northwind.Store\Northwind.Store.csproj", "{BDBC7A21-014F-404E-84B8-F370994A86B9}"
EndProject
Global
	GlobalSection(SolutionConfigurationPlatforms) = preSolution
		Debug|Any CPU = Debug|Any CPU
		Release|Any CPU = Release|Any CPU
	EndGlobalSection
	GlobalSection(ProjectConfigurationPlatforms) = postSolution
		{BDBC7A21-014F-404E-84B8-F370994A86B9}.Debug|Any CPU.ActiveCfg = Debug|Any CPU
		{BDBC7A21-014F-404E-84B8-F370994A86B9}.Debug|Any CPU.Build.0 = Debug|Any CPU
		{BDBC7A21-014F-404E-84B8-F370994A86B9}.Release|Any CPU.ActiveCfg = Release|Any CPU
		{BDBC7A21-014F-404E-84B8-F370994A86B9}.Release|Any CPU.Build.0 = Release|Any CPU
	EndGlobalSection
	GlobalSection(SolutionProperties) = preSolution
		HideSolutionNode = FALSE
	EndGlobalSection
	GlobalSection(ExtensibilityGlobals) = postSolution
		SolutionGuid = {B0EDE3A2-4E56-462D-BFE0-BED9BD194B4F}
	EndGlobalSection
EndGlobal
